{
  "name": "vsl",
  "version": "0.1.0",
  "lockfileVersion": 3,
  "requires": true,
  "packages": {
    "": {
      "name": "vsl",
      "version": "0.1.0",
      "workspaces": [
        "apps/*",
        "packages/*"
      ]
    },
    "apps/api": {
      "name": "@vsl/api",
      "version": "0.1.0"
    },
    "apps/web": {
      "name": "@vsl/web",
      "version": "0.1.0"
    },
    "node_modules/@vsl/api": {
      "resolved": "apps/api",
      "link": true
    },
    "node_modules/@vsl/crypto": {
      "resolved": "packages/crypto",
      "link": true
    },
    "node_modules/@vsl/merkle": {
      "resolved": "packages/merkle",
      "link": true
    },
    "node_modules/@vsl/shared": {
      "resolved": "packages/shared",
      "link": true
    },
    "node_modules/@vsl/vsl-core": {
      "resolved": "packages/vsl-core",
      "link": true
    },
    "node_modules/@vsl/web": {
      "resolved": "apps/web",
      "link": true
    },
    "packages/crypto": {
      "name": "@vsl/crypto",
      "version": "0.1.0"
    },
    "packages/merkle": {
      "name": "@vsl/merkle",
      "version": "0.1.0"
    },
    "packages/shared": {
      "name": "@vsl/shared",
      "version": "0.1.0"
    },
    "packages/vsl-core": {
      "name": "@vsl/vsl-core",
      "version": "0.1.0"
    }
  }
}
